
Microsoft Visual Studio Solution File, Format Version 12.00
Project("{FAE04EC0-301F-11D3-BF4B-00C04F79EFBC}") = "Pier8.AzFuncDemo", "Pier8.AzFuncDemo\Pier8.AzFuncDemo.csproj", "{EC72A53A-8D60-4209-8914-A941F4CDC6A2}"
EndProject
Global
	GlobalSection(SolutionConfigurationPlatforms) = preSolution
		Debug|Any CPU = Debug|Any CPU
		Release|Any CPU = Release|Any CPU
	EndGlobalSection
	GlobalSection(ProjectConfigurationPlatforms) = postSolution
		{EC72A53A-8D60-4209-8914-A941F4CDC6A2}.Debug|Any CPU.ActiveCfg = Debug|Any CPU
		{EC72A53A-8D60-4209-8914-A941F4CDC6A2}.Debug|Any CPU.Build.0 = Debug|Any CPU
		{EC72A53A-8D60-4209-8914-A941F4CDC6A2}.Release|Any CPU.ActiveCfg = Release|Any CPU
		{EC72A53A-8D60-4209-8914-A941F4CDC6A2}.Release|Any CPU.Build.0 = Release|Any CPU
	EndGlobalSection
EndGlobal
